// !$*UTF8*$!
{
	archiveVersion = 1;
	classes = {
	};
	objectVersion = 46;
	objects = {

/* Begin PBXBuildFile section */
		49DB95CC1B5790F20020D577 /* AppDelegate.swift in Sources */ = {isa = PBXBuildFile; fileRef = 49DB95CB1B5790F20020D577 /* AppDelegate.swift */; };
		49DB95CE1B5790F20020D577 /* ViewController.swift in Sources */ = {isa = PBXBuildFile; fileRef = 49DB95CD1B5790F20020D577 /* ViewController.swift */; };
		49DB95D11B5790F30020D577 /* Main.storyboard in Resources */ = {isa = PBXBuildFile; fileRef = 49DB95CF1B5790F30020D577 /* Main.storyboard */; };
		49DB95D31B5790F30020D577 /* Images.xcassets in Resources */ = {isa = PBXBuildFile; fileRef = 49DB95D21B5790F30020D577 /* Images.xcassets */; };
		49DB95D61B5790F30020D577 /* LaunchScreen.xib in Resources */ = {isa = PBXBuildFile; fileRef = 49DB95D41B5790F30020D577 /* LaunchScreen.xib */; };
		49DB95E21B5790F30020D577 /* pruebaTests.swift in Sources */ = {isa = PBXBuildFile; fileRef = 49DB95E11B5790F30020D577 /* pruebaTests.swift */; };
/* End PBXBuildFile section */

/* Begin PBXContainerItemProxy section */
		49DB95DC1B5790F30020D577 /* PBXContainerItemProxy */ = {
			isa = PBXContainerItemProxy;
			containerPortal = 49DB95BE1B5790F20020D577 /* Project object */;
			proxyType = 1;
			remoteGlobalIDString = 49DB95C51B5790F20020D577;
			remoteInfo = prueba;
		};
/* End PBXContainerItemProxy section */

/* Begin PBXFileReference section */
		49DB95C61B5790F20020D577 /* prueba.app */ = {isa = PBXFileReference; explicitFileType = wrapper.application; includeInIndex = 0; path = prueba.app; sourceTree = BUILT_PRODUCTS_DIR; };
		49DB95CA1B5790F20020D577 /* Info.plist */ = {isa = PBXFileReference; lastKnownFileType = text.plist.xml; path = Info.plist; sourceTree = "<group>"; };
		49DB95CB1B5790F20020D577 /* AppDelegate.swift */ = {isa = PBXFileReference; lastKnownFileType = sourcecode.swift; path = AppDelegate.swift; sourceTree = "<group>"; };
		49DB95CD1B5790F20020D577 /* ViewController.swift */ = {isa = PBXFileReference; lastKnownFileType = sourcecode.swift; path = ViewController.swift; sourceTree = "<group>"; };
		49DB95D01B5790F30020D577 /* Base */ = {isa = PBXFileReference; lastKnownFileType = file.storyboard; name = Base; path = Base.lproj/Main.storyboard; sourceTree = "<group>"; };
		49DB95D21B5790F30020D577 /* Images.xcassets */ = {isa = PBXFileReference; lastKnownFileType = folder.assetcatalog; path = Images.xcassets; sourceTree = "<group>"; };
		49DB95D51B5790F30020D577 /* Base */ = {isa = PBXFileReference; lastKnownFileType = file.xib; name = Base; path = Base.lproj/LaunchScreen.xib; sourceTree = "<group>"; };
		49DB95DB1B5790F30020D577 /* pruebaTests.xctest */ = {isa = PBXFileReference; explicitFileType = wrapper.cfbundle; includeInIndex = 0; path = pruebaTests.xctest; sourceTree = BUILT_PRODUCTS_DIR; };
		49DB95E01B5790F30020D577 /* Info.plist */ = {isa = PBXFileReference; lastKnownFileType = text.plist.xml; path = Info.plist; sourceTree = "<group>"; };
		49DB95E11B5790F30020D577 /* pruebaTests.swift */ = {isa = PBXFileReference; lastKnownFileType = sourcecode.swift; path = pruebaTests.swift; sourceTree = "<group>"; };
/* End PBXFileReference section */

/* Begin PBXFrameworksBuildPhase section */
		49DB95C31B5790F20020D577 /* Frameworks */ = {
			isa = PBXFrameworksBuildPhase;
			buildActionMask = 2147483647;
			files = (
			);
			runOnlyForDeploymentPostprocessing = 0;
		};
		49DB95D81B5790F30020D577 /* Frameworks */ = {
			isa = PBXFrameworksBuildPhase;
			buildActionMask = 2147483647;
			files = (
			);
			runOnlyForDeploymentPostprocessing = 0;
		};
/* End PBXFrameworksBuildPhase section */

/* Begin PBXGroup section */
		49DB95BD1B5790F20020D577 = {
			isa = PBXGroup;
			children = (
				49DB95C81B5790F20020D577 /* prueba */,
				49DB95DE1B5790F30020D577 /* pruebaTests */,
				49DB95C71B5790F20020D577 /* Products */,
			);
			sourceTree = "<group>";
		};
		49DB95C71B5790F20020D577 /* Products */ = {
			isa = PBXGroup;
			children = (
				49DB95C61B5790F20020D577 /* prueba.app */,
				49DB95DB1B5790F30020D577 /* pruebaTests.xctest */,
			);
			name = Products;
			sourceTree = "<group>";
		};
		49DB95C81B5790F20020D577 /* prueba */ = {
			isa = PBXGroup;
			children = (
				49DB95CB1B5790F20020D577 /* AppDelegate.swift */,
				49DB95CD1B5790F20020D577 /* ViewController.swift */,
				49DB95CF1B5790F30020D577 /* Main.storyboard */,
				49DB95D21B5790F30020D577 /* Images.xcassets */,
				49DB95D41B5790F30020D577 /* LaunchScreen.xib */,
				49DB95C91B5790F20020D577 /* Supporting Files */,
			);
			path = prueba;
			sourceTree = "<group>";
		};
		49DB95C91B5790F20020D577 /* Supporting Files */ = {
			isa = PBXGroup;
			children = (
				49DB95CA1B5790F20020D577 /* Info.plist */,
			);
			name = "Supporting Files";
			sourceTree = "<group>";
		};
		49DB95DE1B5790F30020D577 /* pruebaTests */ = {
			isa = PBXGroup;
			children = (
				49DB95E11B5790F30020D577 /* pruebaTests.swift */,
				49DB95DF1B5790F30020D577 /* Supporting Files */,
			);
			path = pruebaTests;
			sourceTree = "<group>";
		};
		49DB95DF1B5790F30020D577 /* Supporting Files */ = {
			isa = PBXGroup;
			children = (
				49DB95E01B5790F30020D577 /* Info.plist */,
			);
			name = "Supporting Files";
			sourceTree = "<group>";
		};
/* End PBXGroup section */

/* Begin PBXNativeTarget section */
		49DB95C51B5790F20020D577 /* prueba */ = {
			isa = PBXNativeTarget;
			buildConfigurationList = 49DB95E51B5790F30020D577 /* Build configuration list for PBXNativeTarget "prueba" */;
			buildPhases = (
				49DB95C21B5790F20020D577 /* Sources */,
				49DB95C31B5790F20020D577 /* Frameworks */,
				49DB95C41B5790F20020D577 /* Resources */,
			);
			buildRules = (
			);
			dependencies = (
			);
			name = prueba;
			productName = prueba;
			productReference = 49DB95C61B5790F20020D577 /* prueba.app */;
			productType = "com.apple.product-type.application";
		};
		49DB95DA1B5790F30020D577 /* pruebaTests */ = {
			isa = PBXNativeTarget;
			buildConfigurationList = 49DB95E81B5790F30020D577 /* Build configuration list for PBXNativeTarget "pruebaTests" */;
			buildPhases = (
				49DB95D71B5790F30020D577 /* Sources */,
				49DB95D81B5790F30020D577 /* Frameworks */,
				49DB95D91B5790F30020D577 /* Resources */,
			);
			buildRules = (
			);
			dependencies = (
				49DB95DD1B5790F30020D577 /* PBXTargetDependency */,
			);
			name = pruebaTests;
			productName = pruebaTests;
			productReference = 49DB95DB1B5790F30020D577 /* pruebaTests.xctest */;
			productType = "com.apple.product-type.bundle.unit-test";
		};
/* End PBXNativeTarget section */

/* Begin PBXProject section */
		49DB95BE1B5790F20020D577 /* Project object */ = {
			isa = PBXProject;
			attributes = {
				LastUpgradeCheck = 0630;
				ORGANIZATIONNAME = Miguel;
				TargetAttributes = {
					49DB95C51B5790F20020D577 = {
						CreatedOnToolsVersion = 6.3;
					};
					49DB95DA1B5790F30020D577 = {
						CreatedOnToolsVersion = 6.3;
						TestTargetID = 49DB95C51B5790F20020D577;
					};
				};
			};
			buildConfigurationList = 49DB95C11B5790F20020D577 /* Build configuration list for PBXProject "prueba" */;
			compatibilityVersion = "Xcode 3.2";
			developmentRegion = English;
			hasScannedForEncodings = 0;
			knownRegions = (
				en,
				Base,
			);
			mainGroup = 49DB95BD1B5790F20020D577;
			productRefGroup = 49DB95C71B5790F20020D577 /* Products */;
			projectDirPath = "";
			projectRoot = "";
			targets = (
				49DB95C51B5790F20020D577 /* prueba */,
				49DB95DA1B5790F30020D577 /* pruebaTests */,
			);
		};
/* End PBXProject section */

/* Begin PBXResourcesBuildPhase section */
		49DB95C41B5790F20020D577 /* Resources */ = {
			isa = PBXResourcesBuildPhase;
			buildActionMask = 2147483647;
			files = (
				49DB95D11B5790F30020D577 /* Main.storyboard in Resources */,
				49DB95D61B5790F30020D577 /* LaunchScreen.xib in Resources */,
				49DB95D31B5790F30020D577 /* Images.xcassets in Resources */,
			);
			runOnlyForDeploymentPostprocessing = 0;
		};
		49DB95D91B5790F30020D577 /* Resources */ = {
			isa = PBXResourcesBuildPhase;
			buildActionMask = 2147483647;
			files = (
			);
			runOnlyForDeploymentPostprocessing = 0;
		};
/* End PBXResourcesBuildPhase section */

/* Begin PBXSourcesBuildPhase section */
		49DB95C21B5790F20020D577 /* Sources */ = {
			isa = PBXSourcesBuildPhase;
			buildActionMask = 2147483647;
			files = (
				49DB95CE1B5790F20020D577 /* ViewController.swift in Sources */,
				49DB95CC1B5790F20020D577 /* AppDelegate.swift in Sources */,
			);
			runOnlyForDeploymentPostprocessing = 0;
		};
		49DB95D71B5790F30020D577 /* Sources */ = {
			isa = PBXSourcesBuildPhase;
			buildActionMask = 2147483647;
			files = (
				49DB95E21B5790F30020D577 /* pruebaTests.swift in Sources */,
			);
			runOnlyForDeploymentPostprocessing = 0;
		};
/* End PBXSourcesBuildPhase section */

/* Begin PBXTargetDependency section */
		49DB95DD1B5790F30020D577 /* PBXTargetDependency */ = {
			isa = PBXTargetDependency;
			target = 49DB95C51B5790F20020D577 /* prueba */;
			targetProxy = 49DB95DC1B5790F30020D577 /* PBXContainerItemProxy */;
		};
/* End PBXTargetDependency section */

/* Begin PBXVariantGroup section */
		49DB95CF1B5790F30020D577 /* Main.storyboard */ = {
			isa = PBXVariantGroup;
			children = (
				49DB95D01B5790F30020D577 /* Base */,
			);
			name = Main.storyboard;
			sourceTree = "<group>";
		};
		49DB95D41B5790F30020D577 /* LaunchScreen.xib */ = {
			isa = PBXVariantGroup;
			children = (
				49DB95D51B5790F30020D577 /* Base */,
			);
			name = LaunchScreen.xib;
			sourceTree = "<group>";
		};
/* End PBXVariantGroup section */

/* Begin XCBuildConfiguration section */
		49DB95E31B5790F30020D577 /* Debug */ = {
			isa = XCBuildConfiguration;
			buildSettings = {
				ALWAYS_SEARCH_USER_PATHS = NO;
				CLANG_CXX_LANGUAGE_STANDARD = "gnu++0x";
				CLANG_CXX_LIBRARY = "libc++";
				CLANG_ENABLE_MODULES = YES;
				CLANG_ENABLE_OBJC_ARC = YES;
				CLANG_WARN_BOOL_CONVERSION = YES;
				CLANG_WARN_CONSTANT_CONVERSION = YES;
				CLANG_WARN_DIRECT_OBJC_ISA_USAGE = YES_ERROR;
				CLANG_WARN_EMPTY_BODY = YES;
				CLANG_WARN_ENUM_CONVERSION = YES;
				CLANG_WARN_INT_CONVERSION = YES;
				CLANG_WARN_OBJC_ROOT_CLASS = YES_ERROR;
				CLANG_WARN_UNREACHABLE_CODE = YES;
				CLANG_WARN__DUPLICATE_METHOD_MATCH = YES;
				"CODE_SIGN_IDENTITY[sdk=iphoneos*]" = "iPhone Developer";
				COPY_PHASE_STRIP = NO;
				DEBUG_INFORMATION_FORMAT = "dwarf-with-dsym";
				ENABLE_STRICT_OBJC_MSGSEND = YES;
				GCC_C_LANGUAGE_STANDARD = gnu99;
				GCC_DYNAMIC_NO_PIC = NO;
				GCC_NO_COMMON_BLOCKS = YES;
				GCC_OPTIMIZATION_LEVEL = 0;
				GCC_PREPROCESSOR_DEFINITIONS = (
					"DEBUG=1",
					"$(inherited)",
				);
				GCC_SYMBOLS_PRIVATE_EXTERN = NO;
				GCC_WARN_64_TO_32_BIT_CONVERSION = YES;
				GCC_WARN_ABOUT_RETURN_TYPE = YES_ERROR;
				GCC_WARN_UNDECLARED_SELECTOR = YES;
				GCC_WARN_UNINITIALIZED_AUTOS = YES_AGGRESSIVE;
				GCC_WARN_UNUSED_FUNCTION = YES;
				GCC_WARN_UNUSED_VARIABLE = YES;
				IPHONEOS_DEPLOYMENT_TARGET = 8.3;
				MTL_ENABLE_DEBUG_INFO = YES;
				ONLY_ACTIVE_ARCH = YES;
				SDKROOT = iphoneos;
				SWIFT_OPTIMIZATION_LEVEL = "-Onone";
				TARGETED_DEVICE_FAMILY = "1,2";
			};
			name = Debug;
		};
		49DB95E41B5790F30020D577 /* Release */ = {
			isa = XCBuildConfiguration;
			buildSettings = {
				ALWAYS_SEARCH_USER_PATHS = NO;
				CLANG_CXX_LANGUAGE_STANDARD = "gnu++0x";
				CLANG_CXX_LIBRARY = "libc++";
				CLANG_ENABLE_MODULES = YES;
				CLANG_ENABLE_OBJC_ARC = YES;
				CLANG_WARN_BOOL_CONVERSION = YES;
				CLANG_WARN_CONSTANT_CONVERSION = YES;
				CLANG_WARN_DIRECT_OBJC_ISA_USAGE = YES_ERROR;
				CLANG_WARN_EMPTY_BODY = YES;
				CLANG_WARN_ENUM_CONVERSION = YES;
				CLANG_WARN_INT_CONVERSION = YES;
				CLANG_WARN_OBJC_ROOT_CLASS = YES_ERROR;
				CLANG_WARN_UNREACHABLE_CODE = YES;
				CLANG_WARN__DUPLICATE_METHOD_MATCH = YES;
				"CODE_SIGN_IDENTITY[sdk=iphoneos*]" = "iPhone Developer";
				COPY_PHASE_STRIP = NO;
				DEBUG_INFORMATION_FORMAT = "dwarf-with-dsym";
				ENABLE_NS_ASSERTIONS = NO;
				ENABLE_STRICT_OBJC_MSGSEND = YES;
				GCC_C_LANGUAGE_STANDARD = gnu99;
				GCC_NO_COMMON_BLOCKS = YES;
				GCC_WARN_64_TO_32_BIT_CONVERSION = YES;
				GCC_WARN_ABOUT_RETURN_TYPE = YES_ERROR;
				GCC_WARN_UNDECLARED_SELECTOR = YES;
				GCC_WARN_UNINITIALIZED_AUTOS = YES_AGGRESSIVE;
				GCC_WARN_UNUSED_FUNCTION = YES;
				GCC_WARN_UNUSED_VARIABLE = YES;
				IPHONEOS_DEPLOYMENT_TARGET = 8.3;
				MTL_ENABLE_DEBUG_INFO = NO;
				SDKROOT = iphoneos;
				TARGETED_DEVICE_FAMILY = "1,2";
				VALIDATE_PRODUCT = YES;
			};
			name = Release;
		};
		49DB95E61B5790F30020D577 /* Debug */ = {
			isa = XCBuildConfiguration;
			buildSettings = {
				ASSETCATALOG_COMPILER_APPICON_NAME = AppIcon;
				INFOPLIST_FILE = prueba/Info.plist;
				LD_RUNPATH_SEARCH_PATHS = "$(inherited) @executable_path/Frameworks";
				PRODUCT_NAME = "$(TARGET_NAME)";
			};
			name = Debug;
		};
		49DB95E71B5790F30020D577 /* Release */ = {
			isa = XCBuildConfiguration;
			buildSettings = {
				ASSETCATALOG_COMPILER_APPICON_NAME = AppIcon;
				INFOPLIST_FILE = prueba/Info.plist;
				LD_RUNPATH_SEARCH_PATHS = "$(inherited) @executable_path/Frameworks";
				PRODUCT_NAME = "$(TARGET_NAME)";
			};
			name = Release;
		};
		49DB95E91B5790F30020D577 /* Debug */ = {
			isa = XCBuildConfiguration;
			buildSettings = {
				BUNDLE_LOADER = "$(TEST_HOST)";
				FRAMEWORK_SEARCH_PATHS = (
					"$(SDKROOT)/Developer/Library/Frameworks",
					"$(inherited)",
				);
				GCC_PREPROCESSOR_DEFINITIONS = (
					"DEBUG=1",
					"$(inherited)",
				);
				INFOPLIST_FILE = pruebaTests/Info.plist;
				LD_RUNPATH_SEARCH_PATHS = "$(inherited) @executable_path/Frameworks @loader_path/Frameworks";
				PRODUCT_NAME = "$(TARGET_NAME)";
				TEST_HOST = "$(BUILT_PRODUCTS_DIR)/prueba.app/prueba";
			};
			name = Debug;
		};
		49DB95EA1B5790F30020D577 /* Release */ = {
			isa = XCBuildConfiguration;
			buildSettings = {
				BUNDLE_LOADER = "$(TEST_HOST)";
				FRAMEWORK_SEARCH_PATHS = (
					"$(SDKROOT)/Developer/Library/Frameworks",
					"$(inherited)",
				);
				INFOPLIST_FILE = pruebaTests/Info.plist;
				LD_RUNPATH_SEARCH_PATHS = "$(inherited) @executable_path/Frameworks @loader_path/Frameworks";
				PRODUCT_NAME = "$(TARGET_NAME)";
				TEST_HOST = "$(BUILT_PRODUCTS_DIR)/prueba.app/prueba";
			};
			name = Release;
		};
/* End XCBuildConfiguration section */

/* Begin XCConfigurationList section */
		49DB95C11B5790F20020D577 /* Build configuration list for PBXProject "prueba" */ = {
			isa = XCConfigurationList;
			buildConfigurations = (
				49DB95E31B5790F30020D577 /* Debug */,
				49DB95E41B5790F30020D577 /* Release */,
			);
			defaultConfigurationIsVisible = 0;
			defaultConfigurationName = Release;
		};
		49DB95E51B5790F30020D577 /* Build configuration list for PBXNativeTarget "prueba" */ = {
			isa = XCConfigurationList;
			buildConfigurations = (
				49DB95E61B5790F30020D577 /* Debug */,
				49DB95E71B5790F30020D577 /* Release */,
			);
			defaultConfigurationIsVisible = 0;
		};
		49DB95E81B5790F30020D577 /* Build configuration list for PBXNativeTarget "pruebaTests" */ = {
			isa = XCConfigurationList;
			buildConfigurations = (
				49DB95E91B5790F30020D577 /* Debug */,
				49DB95EA1B5790F30020D577 /* Release */,
			);
			defaultConfigurationIsVisible = 0;
		};
/* End XCConfigurationList section */
	};
	rootObject = 49DB95BE1B5790F20020D577 /* Project object */;
}
